// !$*UTF8*$!
{
	archiveVersion = 1;
	classes = {
	};
	objectVersion = 77;
	objects = {

/* Begin PBXBuildFile section */
		027B9475748EBB9DE328F069 /* MealSlot.swift in Sources */ = {isa = PBXBuildFile; fileRef = 82BF815B21651C3BCA0BF6CE /* MealSlot.swift */; };
		36144CBF0DC5FC6BAC73F45E /* DiaryView.swift in Sources */ = {isa = PBXBuildFile; fileRef = 3170E0C4CB4236B485C68809 /* DiaryView.swift */; };
		377B5C2A70F5602D660953EF /* DiaryEntry.swift in Sources */ = {isa = PBXBuildFile; fileRef = 595607E4A30ED2BA925C068E /* DiaryEntry.swift */; };
		4737277438E3A15E8E28A487 /* ScannerView.swift in Sources */ = {isa = PBXBuildFile; fileRef = BF2D0DE8B14125B56D0D065A /* ScannerView.swift */; };
		5B391E892F7D15ED00E92EFB /* MealScannerViewModel.swift in Sources */ = {isa = PBXBuildFile; fileRef = 5B391E882F7D15ED00E92EFB /* MealScannerViewModel.swift */; };
		5B391E8B2F7D161400E92EFB /* MealScanResultView.swift in Sources */ = {isa = PBXBuildFile; fileRef = 5B391E8A2F7D161400E92EFB /* MealScanResultView.swift */; };
		5B3BA49C2F7C51A200C9EA96 /* Kcal-Kun_Icon.icon in Resources */ = {isa = PBXBuildFile; fileRef = 5B3BA49B2F7C51A200C9EA96 /* Kcal-Kun_Icon.icon */; };
		5BAB31402F7ED4120047A624 /* DishScannerViewModel.swift in Sources */ = {isa = PBXBuildFile; fileRef = 5BAB313F2F7ED4120047A624 /* DishScannerViewModel.swift */; };
		5BAB31422F7ED4280047A624 /* DishScanResultView.swift in Sources */ = {isa = PBXBuildFile; fileRef = 5BAB31412F7ED4280047A624 /* DishScanResultView.swift */; };
		67FCDE9C10B74B8AB1B37C96 /* ProfileView.swift in Sources */ = {isa = PBXBuildFile; fileRef = 1D1B69DE86244BBC88FDFB66 /* ProfileView.swift */; };
		6CA8EDB8C6832A0303462876 /* StatsView.swift in Sources */ = {isa = PBXBuildFile; fileRef = B290406F36C8A8745A392294 /* StatsView.swift */; };
		7009D487EBA549A3A0411A2A /* HealthKitService.swift in Sources */ = {isa = PBXBuildFile; fileRef = DE9768C332524C50A6436480 /* HealthKitService.swift */; };
		78BA43AD31CC435B878E7E73 /* KcalProgressView.swift in Sources */ = {isa = PBXBuildFile; fileRef = FA9CF46334E244489606E48F /* KcalProgressView.swift */; };
		8942DF7FECFA3AA8E201E0F9 /* MainTabView.swift in Sources */ = {isa = PBXBuildFile; fileRef = EA6672F87448E0513470FD6F /* MainTabView.swift */; };
		911FF8DADE0E8BD2310F0DC5 /* LibraryView.swift in Sources */ = {isa = PBXBuildFile; fileRef = 8D46DE566AE2DDEC54645227 /* LibraryView.swift */; };
		955C59BFDEA8C801C920819F /* GeminiService.swift in Sources */ = {isa = PBXBuildFile; fileRef = D5D3DF9F474D59E56F7FF7FB /* GeminiService.swift */; };
		97D3B417A1EBC9DC860B88E7 /* DataSeeder.swift in Sources */ = {isa = PBXBuildFile; fileRef = 6A170846B94D539D35D4A200 /* DataSeeder.swift */; };
		A646721F222785D399D38350 /* CameraPickerView.swift in Sources */ = {isa = PBXBuildFile; fileRef = E70568DE967124998EBF126B /* CameraPickerView.swift */; };
		AED612A427A92D4620AF451F /* ScannerViewModel.swift in Sources */ = {isa = PBXBuildFile; fileRef = E04721CCE791BD5C060CF338 /* ScannerViewModel.swift */; };
		AA3333333333333333333333 /* InstrumentSerif-Regular.ttf in Resources */ = {isa = PBXBuildFile; fileRef = AA1111111111111111111111 /* InstrumentSerif-Regular.ttf */; };
		AA4444444444444444444444 /* InstrumentSerif-Italic.ttf in Resources */ = {isa = PBXBuildFile; fileRef = AA2222222222222222222222 /* InstrumentSerif-Italic.ttf */; };
		B500BCDF23564B05882482C5 /* BLVFoods.json in Resources */ = {isa = PBXBuildFile; fileRef = 6BA0BC210EE545E484BC475F /* BLVFoods.json */; };
		CCA204949C5F482AA6BE6C82 /* ManualProductEntryView.swift in Sources */ = {isa = PBXBuildFile; fileRef = 47FA4D891D644D3B9B9DBD3F /* ManualProductEntryView.swift */; };
		CDBDD8F4D7D12C1778637450 /* ProductSource.swift in Sources */ = {isa = PBXBuildFile; fileRef = 94BD64646A6A591F52455AA4 /* ProductSource.swift */; };
		D029C134FB694E68B52B30EC /* UserProfile.swift in Sources */ = {isa = PBXBuildFile; fileRef = 80B0FFAF571247E7B4FD4965 /* UserProfile.swift */; };
		EDBA34CDE6CD6AA72FB81B54 /* AddEntryView.swift in Sources */ = {isa = PBXBuildFile; fileRef = 83923A87406A6E661B0C9A45 /* AddEntryView.swift */; };
		F61AE35088B1D34E48A8C7CC /* ScanConfirmationView.swift in Sources */ = {isa = PBXBuildFile; fileRef = 13FB9D1CD6D4BD43487C0D59 /* ScanConfirmationView.swift */; };
		AB1100000000000000000001 /* DesignSystem.swift in Sources */ = {isa = PBXBuildFile; fileRef = AB2200000000000000000001 /* DesignSystem.swift */; };
		AB1100000000000000000002 /* MascotView.swift in Sources */ = {isa = PBXBuildFile; fileRef = AB2200000000000000000002 /* MascotView.swift */; };
		AB1100000000000000000003 /* OnboardingView.swift in Sources */ = {isa = PBXBuildFile; fileRef = AB2200000000000000000003 /* OnboardingView.swift */; };
		AB1100000000000000000004 /* ImagePickerWithCrop.swift in Sources */ = {isa = PBXBuildFile; fileRef = AB2200000000000000000004 /* ImagePickerWithCrop.swift */; };
		AB1100000000000000000005 /* ProductDetailView.swift in Sources */ = {isa = PBXBuildFile; fileRef = AB2200000000000000000005 /* ProductDetailView.swift */; };
		AB1100000000000000000006 /* BackupModels.swift in Sources */ = {isa = PBXBuildFile; fileRef = AB2200000000000000000006 /* BackupModels.swift */; };
		AB1100000000000000000007 /* BackupService.swift in Sources */ = {isa = PBXBuildFile; fileRef = AB2200000000000000000007 /* BackupService.swift */; };
		AB1100000000000000000008 /* BackupExportView.swift in Sources */ = {isa = PBXBuildFile; fileRef = AB2200000000000000000008 /* BackupExportView.swift */; };
		AB1100000000000000000009 /* BackupRestoreView.swift in Sources */ = {isa = PBXBuildFile; fileRef = AB2200000000000000000009 /* BackupRestoreView.swift */; };
		AB1100000000000000000010 /* CoachmarkAnchorKey.swift in Sources */ = {isa = PBXBuildFile; fileRef = AB2200000000000000000010 /* CoachmarkAnchorKey.swift */; };
		AB1100000000000000000011 /* CoachmarkStep.swift in Sources */ = {isa = PBXBuildFile; fileRef = AB2200000000000000000011 /* CoachmarkStep.swift */; };
		AB1100000000000000000012 /* CoachmarkController.swift in Sources */ = {isa = PBXBuildFile; fileRef = AB2200000000000000000012 /* CoachmarkController.swift */; };
		AB1100000000000000000013 /* SpotlightShape.swift in Sources */ = {isa = PBXBuildFile; fileRef = AB2200000000000000000013 /* SpotlightShape.swift */; };
		AB1100000000000000000014 /* CoachmarkAccessory.swift in Sources */ = {isa = PBXBuildFile; fileRef = AB2200000000000000000014 /* CoachmarkAccessory.swift */; };
		AB1100000000000000000015 /* CoachmarkBubble.swift in Sources */ = {isa = PBXBuildFile; fileRef = AB2200000000000000000015 /* CoachmarkBubble.swift */; };
		AB1100000000000000000016 /* CoachmarkOverlay.swift in Sources */ = {isa = PBXBuildFile; fileRef = AB2200000000000000000016 /* CoachmarkOverlay.swift */; };
		AB1100000000000000000017 /* CoachmarkDemoData.swift in Sources */ = {isa = PBXBuildFile; fileRef = AB2200000000000000000017 /* CoachmarkDemoData.swift */; };
		AB1100000000000000000018 /* AboutAppView.swift in Sources */ = {isa = PBXBuildFile; fileRef = AB2200000000000000000018 /* AboutAppView.swift */; };
		AB1100000000000000000019 /* PrivacyInfo.xcprivacy in Resources */ = {isa = PBXBuildFile; fileRef = AB2200000000000000000019 /* PrivacyInfo.xcprivacy */; };
		AB1100000000000000000020 /* APIKeyService.swift in Sources */ = {isa = PBXBuildFile; fileRef = AB2200000000000000000020 /* APIKeyService.swift */; };
		AB1100000000000000000021 /* APIKeySetupView.swift in Sources */ = {isa = PBXBuildFile; fileRef = AB2200000000000000000021 /* APIKeySetupView.swift */; };
		AB1100000000000000000022 /* ProductCleanupService.swift in Sources */ = {isa = PBXBuildFile; fileRef = AB2200000000000000000022 /* ProductCleanupService.swift */; };
		AB1100000000000000000023 /* OpenFoodFactsService.swift in Sources */ = {isa = PBXBuildFile; fileRef = AB2200000000000000000023 /* OpenFoodFactsService.swift */; };
		AB1100000000000000000024 /* BarcodeScannerView.swift in Sources */ = {isa = PBXBuildFile; fileRef = AB2200000000000000000024 /* BarcodeScannerView.swift */; };
		AB1100000000000000000025 /* BarcodeResultView.swift in Sources */ = {isa = PBXBuildFile; fileRef = AB2200000000000000000025 /* BarcodeResultView.swift */; };
		AB1100000000000000000026 /* BarcodeNotFoundSheet.swift in Sources */ = {isa = PBXBuildFile; fileRef = AB2200000000000000000026 /* BarcodeNotFoundSheet.swift */; };
		AB1100000000000000000027 /* BarcodeScannerViewModel.swift in Sources */ = {isa = PBXBuildFile; fileRef = AB2200000000000000000027 /* BarcodeScannerViewModel.swift */; };
		AB1100000000000000000028 /* Logging.swift in Sources */ = {isa = PBXBuildFile; fileRef = AB2200000000000000000028 /* Logging.swift */; };
		AB1100000000000000000029 /* KcalKunLoadingView.swift in Sources */ = {isa = PBXBuildFile; fileRef = AB2200000000000000000029 /* KcalKunLoadingView.swift */; };
		AB1100000000000000000030 /* SplashScreenView.swift in Sources */ = {isa = PBXBuildFile; fileRef = AB2200000000000000000030 /* SplashScreenView.swift */; };
		F6A9CB2A74B38F4E94D088F9 /* KcalKunApp.swift in Sources */ = {isa = PBXBuildFile; fileRef = 6085A7D03A40EE2AE7380F6F /* KcalKunApp.swift */; };
		F832D6677C8F7EFC34744C3F /* Assets.xcassets in Resources */ = {isa = PBXBuildFile; fileRef = 564CFA5F9EAAEF2FC29273BB /* Assets.xcassets */; };
		FBE064D05FADB5933DB36ABA /* Product.swift in Sources */ = {isa = PBXBuildFile; fileRef = CA34AC6D29608E2EEC481963 /* Product.swift */; };
		FC1BDC657491D8B89330D194 /* PreloadedFoods.json in Resources */ = {isa = PBXBuildFile; fileRef = 64731FE5A8ACE599D70943D1 /* PreloadedFoods.json */; };
/* End PBXBuildFile section */

/* Begin PBXFileReference section */
		13FB9D1CD6D4BD43487C0D59 /* ScanConfirmationView.swift */ = {isa = PBXFileReference; lastKnownFileType = sourcecode.swift; path = ScanConfirmationView.swift; sourceTree = "<group>"; };
		1D1B69DE86244BBC88FDFB66 /* ProfileView.swift */ = {isa = PBXFileReference; lastKnownFileType = sourcecode.swift; path = ProfileView.swift; sourceTree = "<group>"; };
		29153459687B1CD24A67832E /* Info.plist */ = {isa = PBXFileReference; lastKnownFileType = text.plist; path = Info.plist; sourceTree = "<group>"; };
		3170E0C4CB4236B485C68809 /* DiaryView.swift */ = {isa = PBXFileReference; lastKnownFileType = sourcecode.swift; path = DiaryView.swift; sourceTree = "<group>"; };
		36AF2FF5C88242D96FD58F6A /* AI_INTEGRATION.md */ = {isa = PBXFileReference; lastKnownFileType = net.daringfireball.markdown; path = AI_INTEGRATION.md; sourceTree = "<group>"; };
		47FA4D891D644D3B9B9DBD3F /* ManualProductEntryView.swift */ = {isa = PBXFileReference; lastKnownFileType = sourcecode.swift; path = ManualProductEntryView.swift; sourceTree = "<group>"; };
		4AD9493B7D7BA8640E3F0E31 /* ROADMAP.md */ = {isa = PBXFileReference; lastKnownFileType = net.daringfireball.markdown; path = ROADMAP.md; sourceTree = "<group>"; };
		564CFA5F9EAAEF2FC29273BB /* Assets.xcassets */ = {isa = PBXFileReference; lastKnownFileType = folder.assetcatalog; path = Assets.xcassets; sourceTree = "<group>"; };
		595607E4A30ED2BA925C068E /* DiaryEntry.swift */ = {isa = PBXFileReference; lastKnownFileType = sourcecode.swift; path = DiaryEntry.swift; sourceTree = "<group>"; };
		5B391E882F7D15ED00E92EFB /* MealScannerViewModel.swift */ = {isa = PBXFileReference; lastKnownFileType = sourcecode.swift; path = MealScannerViewModel.swift; sourceTree = "<group>"; };
		5B391E8A2F7D161400E92EFB /* MealScanResultView.swift */ = {isa = PBXFileReference; lastKnownFileType = sourcecode.swift; path = MealScanResultView.swift; sourceTree = "<group>"; };
		5B3BA49A2F7C346600C9EA96 /* Kcal-Kun.entitlements */ = {isa = PBXFileReference; lastKnownFileType = text.plist.entitlements; path = "Kcal-Kun.entitlements"; sourceTree = "<group>"; };
		5B3BA49B2F7C51A200C9EA96 /* Kcal-Kun_Icon.icon */ = {isa = PBXFileReference; lastKnownFileType = folder.iconcomposer.icon; path = "Kcal-Kun_Icon.icon"; sourceTree = "<group>"; };
		5BAB313F2F7ED4120047A624 /* DishScannerViewModel.swift */ = {isa = PBXFileReference; lastKnownFileType = sourcecode.swift; path = "DishScannerViewModel.swift"; sourceTree = "<group>"; };
		5BAB31412F7ED4280047A624 /* DishScanResultView.swift */ = {isa = PBXFileReference; lastKnownFileType = sourcecode.swift; path = "DishScanResultView.swift"; sourceTree = "<group>"; };
		AB2200000000000000000001 /* DesignSystem.swift */ = {isa = PBXFileReference; lastKnownFileType = sourcecode.swift; path = DesignSystem.swift; sourceTree = "<group>"; };
		AB2200000000000000000002 /* MascotView.swift */ = {isa = PBXFileReference; lastKnownFileType = sourcecode.swift; path = MascotView.swift; sourceTree = "<group>"; };
		AB2200000000000000000003 /* OnboardingView.swift */ = {isa = PBXFileReference; lastKnownFileType = sourcecode.swift; path = OnboardingView.swift; sourceTree = "<group>"; };
		6085A7D03A40EE2AE7380F6F /* KcalKunApp.swift */ = {isa = PBXFileReference; lastKnownFileType = sourcecode.swift; path = KcalKunApp.swift; sourceTree = "<group>"; };
		64731FE5A8ACE599D70943D1 /* PreloadedFoods.json */ = {isa = PBXFileReference; lastKnownFileType = text.json; path = PreloadedFoods.json; sourceTree = "<group>"; };
		64B1F47F05D1CDB3B494A50D /* Secrets.xcconfig.template */ = {isa = PBXFileReference; lastKnownFileType = text; path = Secrets.xcconfig.template; sourceTree = "<group>"; };
		6A170846B94D539D35D4A200 /* DataSeeder.swift */ = {isa = PBXFileReference; lastKnownFileType = sourcecode.swift; path = DataSeeder.swift; sourceTree = "<group>"; };
		AA1111111111111111111111 /* InstrumentSerif-Regular.ttf */ = {isa = PBXFileReference; lastKnownFileType = file; path = "InstrumentSerif-Regular.ttf"; sourceTree = "<group>"; };
		AA2222222222222222222222 /* InstrumentSerif-Italic.ttf */ = {isa = PBXFileReference; lastKnownFileType = file; path = "InstrumentSerif-Italic.ttf"; sourceTree = "<group>"; };
		6BA0BC210EE545E484BC475F /* BLVFoods.json */ = {isa = PBXFileReference; lastKnownFileType = text.json; path = BLVFoods.json; sourceTree = "<group>"; };
		80B0FFAF571247E7B4FD4965 /* UserProfile.swift */ = {isa = PBXFileReference; lastKnownFileType = sourcecode.swift; path = UserProfile.swift; sourceTree = "<group>"; };
		82BF815B21651C3BCA0BF6CE /* MealSlot.swift */ = {isa = PBXFileReference; lastKnownFileType = sourcecode.swift; path = MealSlot.swift; sourceTree = "<group>"; };
		83923A87406A6E661B0C9A45 /* AddEntryView.swift */ = {isa = PBXFileReference; lastKnownFileType = sourcecode.swift; path = AddEntryView.swift; sourceTree = "<group>"; };
		8D46DE566AE2DDEC54645227 /* LibraryView.swift */ = {isa = PBXFileReference; lastKnownFileType = sourcecode.swift; path = LibraryView.swift; sourceTree = "<group>"; };
		94BD64646A6A591F52455AA4 /* ProductSource.swift */ = {isa = PBXFileReference; lastKnownFileType = sourcecode.swift; path = ProductSource.swift; sourceTree = "<group>"; };
		B290406F36C8A8745A392294 /* StatsView.swift */ = {isa = PBXFileReference; lastKnownFileType = sourcecode.swift; path = StatsView.swift; sourceTree = "<group>"; };
		B756BEE1E88618059BF3B4BC /* SETUP.md */ = {isa = PBXFileReference; lastKnownFileType = net.daringfireball.markdown; path = SETUP.md; sourceTree = "<group>"; };
		BB2E08FEC2ACC49DCC5F38D0 /* ARCHITECTURE.md */ = {isa = PBXFileReference; lastKnownFileType = net.daringfireball.markdown; path = ARCHITECTURE.md; sourceTree = "<group>"; };
		BBA8358560709A2BCFA86EFD /* DATA_MODEL.md */ = {isa = PBXFileReference; lastKnownFileType = net.daringfireball.markdown; path = DATA_MODEL.md; sourceTree = "<group>"; };
		BF2D0DE8B14125B56D0D065A /* ScannerView.swift */ = {isa = PBXFileReference; lastKnownFileType = sourcecode.swift; path = ScannerView.swift; sourceTree = "<group>"; };
		CA34AC6D29608E2EEC481963 /* Product.swift */ = {isa = PBXFileReference; lastKnownFileType = sourcecode.swift; path = Product.swift; sourceTree = "<group>"; };
		D3F4D64FF281A1A6324FF0C1 /* Kcal-Kun.app */ = {isa = PBXFileReference; explicitFileType = wrapper.application; includeInIndex = 0; path = "Kcal-Kun.app"; sourceTree = BUILT_PRODUCTS_DIR; };
		D5D3DF9F474D59E56F7FF7FB /* GeminiService.swift */ = {isa = PBXFileReference; lastKnownFileType = sourcecode.swift; path = GeminiService.swift; sourceTree = "<group>"; };
		DE9768C332524C50A6436480 /* HealthKitService.swift */ = {isa = PBXFileReference; lastKnownFileType = sourcecode.swift; path = HealthKitService.swift; sourceTree = "<group>"; };
		E04721CCE791BD5C060CF338 /* ScannerViewModel.swift */ = {isa = PBXFileReference; lastKnownFileType = sourcecode.swift; path = ScannerViewModel.swift; sourceTree = "<group>"; };
		E70568DE967124998EBF126B /* CameraPickerView.swift */ = {isa = PBXFileReference; lastKnownFileType = sourcecode.swift; path = CameraPickerView.swift; sourceTree = "<group>"; };
		AB2200000000000000000004 /* ImagePickerWithCrop.swift */ = {isa = PBXFileReference; lastKnownFileType = sourcecode.swift; path = ImagePickerWithCrop.swift; sourceTree = "<group>"; };
		AB2200000000000000000005 /* ProductDetailView.swift */ = {isa = PBXFileReference; lastKnownFileType = sourcecode.swift; path = ProductDetailView.swift; sourceTree = "<group>"; };
		AB2200000000000000000006 /* BackupModels.swift */ = {isa = PBXFileReference; lastKnownFileType = sourcecode.swift; path = BackupModels.swift; sourceTree = "<group>"; };
		AB2200000000000000000007 /* BackupService.swift */ = {isa = PBXFileReference; lastKnownFileType = sourcecode.swift; path = BackupService.swift; sourceTree = "<group>"; };
		AB2200000000000000000008 /* BackupExportView.swift */ = {isa = PBXFileReference; lastKnownFileType = sourcecode.swift; path = BackupExportView.swift; sourceTree = "<group>"; };
		AB2200000000000000000009 /* BackupRestoreView.swift */ = {isa = PBXFileReference; lastKnownFileType = sourcecode.swift; path = BackupRestoreView.swift; sourceTree = "<group>"; };
		AB2200000000000000000010 /* CoachmarkAnchorKey.swift */ = {isa = PBXFileReference; lastKnownFileType = sourcecode.swift; path = CoachmarkAnchorKey.swift; sourceTree = "<group>"; };
		AB2200000000000000000011 /* CoachmarkStep.swift */ = {isa = PBXFileReference; lastKnownFileType = sourcecode.swift; path = CoachmarkStep.swift; sourceTree = "<group>"; };
		AB2200000000000000000012 /* CoachmarkController.swift */ = {isa = PBXFileReference; lastKnownFileType = sourcecode.swift; path = CoachmarkController.swift; sourceTree = "<group>"; };
		AB2200000000000000000013 /* SpotlightShape.swift */ = {isa = PBXFileReference; lastKnownFileType = sourcecode.swift; path = SpotlightShape.swift; sourceTree = "<group>"; };
		AB2200000000000000000014 /* CoachmarkAccessory.swift */ = {isa = PBXFileReference; lastKnownFileType = sourcecode.swift; path = CoachmarkAccessory.swift; sourceTree = "<group>"; };
		AB2200000000000000000015 /* CoachmarkBubble.swift */ = {isa = PBXFileReference; lastKnownFileType = sourcecode.swift; path = CoachmarkBubble.swift; sourceTree = "<group>"; };
		AB2200000000000000000016 /* CoachmarkOverlay.swift */ = {isa = PBXFileReference; lastKnownFileType = sourcecode.swift; path = CoachmarkOverlay.swift; sourceTree = "<group>"; };
		AB2200000000000000000017 /* CoachmarkDemoData.swift */ = {isa = PBXFileReference; lastKnownFileType = sourcecode.swift; path = CoachmarkDemoData.swift; sourceTree = "<group>"; };
		AB2200000000000000000018 /* AboutAppView.swift */ = {isa = PBXFileReference; lastKnownFileType = sourcecode.swift; path = AboutAppView.swift; sourceTree = "<group>"; };
		AB2200000000000000000019 /* PrivacyInfo.xcprivacy */ = {isa = PBXFileReference; lastKnownFileType = text.xml; path = PrivacyInfo.xcprivacy; sourceTree = "<group>"; };
		AB2200000000000000000020 /* APIKeyService.swift */ = {isa = PBXFileReference; lastKnownFileType = sourcecode.swift; path = APIKeyService.swift; sourceTree = "<group>"; };
		AB2200000000000000000021 /* APIKeySetupView.swift */ = {isa = PBXFileReference; lastKnownFileType = sourcecode.swift; path = APIKeySetupView.swift; sourceTree = "<group>"; };
		AB2200000000000000000022 /* ProductCleanupService.swift */ = {isa = PBXFileReference; lastKnownFileType = sourcecode.swift; path = ProductCleanupService.swift; sourceTree = "<group>"; };
		AB2200000000000000000023 /* OpenFoodFactsService.swift */ = {isa = PBXFileReference; lastKnownFileType = sourcecode.swift; path = OpenFoodFactsService.swift; sourceTree = "<group>"; };
		AB2200000000000000000024 /* BarcodeScannerView.swift */ = {isa = PBXFileReference; lastKnownFileType = sourcecode.swift; path = BarcodeScannerView.swift; sourceTree = "<group>"; };
		AB2200000000000000000025 /* BarcodeResultView.swift */ = {isa = PBXFileReference; lastKnownFileType = sourcecode.swift; path = BarcodeResultView.swift; sourceTree = "<group>"; };
		AB2200000000000000000026 /* BarcodeNotFoundSheet.swift */ = {isa = PBXFileReference; lastKnownFileType = sourcecode.swift; path = BarcodeNotFoundSheet.swift; sourceTree = "<group>"; };
		AB2200000000000000000027 /* BarcodeScannerViewModel.swift */ = {isa = PBXFileReference; lastKnownFileType = sourcecode.swift; path = BarcodeScannerViewModel.swift; sourceTree = "<group>"; };
		AB2200000000000000000028 /* Logging.swift */ = {isa = PBXFileReference; lastKnownFileType = sourcecode.swift; path = Logging.swift; sourceTree = "<group>"; };
		AB2200000000000000000029 /* KcalKunLoadingView.swift */ = {isa = PBXFileReference; lastKnownFileType = sourcecode.swift; path = KcalKunLoadingView.swift; sourceTree = "<group>"; };
		AB2200000000000000000030 /* SplashScreenView.swift */ = {isa = PBXFileReference; lastKnownFileType = sourcecode.swift; path = SplashScreenView.swift; sourceTree = "<group>"; };
		E73498C8E756F40E77C0ACB7 /* CONTRIBUTING.md */ = {isa = PBXFileReference; lastKnownFileType = net.daringfireball.markdown; path = CONTRIBUTING.md; sourceTree = "<group>"; };
		EA6672F87448E0513470FD6F /* MainTabView.swift */ = {isa = PBXFileReference; lastKnownFileType = sourcecode.swift; path = MainTabView.swift; sourceTree = "<group>"; };
		FA9CF46334E244489606E48F /* KcalProgressView.swift */ = {isa = PBXFileReference; lastKnownFileType = sourcecode.swift; path = KcalProgressView.swift; sourceTree = "<group>"; };
/* End PBXFileReference section */

/* Begin PBXGroup section */
		068BA48B2C1B2113315D033B /* Components */ = {
			isa = PBXGroup;
			children = (
				5BAB31412F7ED4280047A624 /* DishScanResultView.swift */,
				5B391E8A2F7D161400E92EFB /* MealScanResultView.swift */,
				FA9CF46334E244489606E48F /* KcalProgressView.swift */,
				83923A87406A6E661B0C9A45 /* AddEntryView.swift */,
				47FA4D891D644D3B9B9DBD3F /* ManualProductEntryView.swift */,
				E70568DE967124998EBF126B /* CameraPickerView.swift */,
				13FB9D1CD6D4BD43487C0D59 /* ScanConfirmationView.swift */,
				AB2200000000000000000002 /* MascotView.swift */,
				AB2200000000000000000004 /* ImagePickerWithCrop.swift */,
				AB2200000000000000000005 /* ProductDetailView.swift */,
				AB2200000000000000000008 /* BackupExportView.swift */,
				AB2200000000000000000009 /* BackupRestoreView.swift */,
				AB2200000000000000000021 /* APIKeySetupView.swift */,
				AB2200000000000000000024 /* BarcodeScannerView.swift */,
				AB2200000000000000000025 /* BarcodeResultView.swift */,
				AB2200000000000000000026 /* BarcodeNotFoundSheet.swift */,
				AB2200000000000000000029 /* KcalKunLoadingView.swift */,
			);
			path = Components;
			sourceTree = "<group>";
		};
		09757D9E7B6A9BC857EA9446 /* Services */ = {
			isa = PBXGroup;
			children = (
				DE9768C332524C50A6436480 /* HealthKitService.swift */,
				6A170846B94D539D35D4A200 /* DataSeeder.swift */,
				D5D3DF9F474D59E56F7FF7FB /* GeminiService.swift */,
				AB2200000000000000000006 /* BackupModels.swift */,
				AB2200000000000000000007 /* BackupService.swift */,
				AB2200000000000000000020 /* APIKeyService.swift */,
				AB2200000000000000000022 /* ProductCleanupService.swift */,
				AB2200000000000000000023 /* OpenFoodFactsService.swift */,
				AB2200000000000000000028 /* Logging.swift */,
			);
			path = Services;
			sourceTree = "<group>";
		};
		4179048ACC8E0CC2D60F3E21 /* Views */ = {
			isa = PBXGroup;
			children = (
				3170E0C4CB4236B485C68809 /* DiaryView.swift */,
				1D1B69DE86244BBC88FDFB66 /* ProfileView.swift */,
				8D46DE566AE2DDEC54645227 /* LibraryView.swift */,
				BF2D0DE8B14125B56D0D065A /* ScannerView.swift */,
				B290406F36C8A8745A392294 /* StatsView.swift */,
				AB2200000000000000000003 /* OnboardingView.swift */,
				AB2200000000000000000018 /* AboutAppView.swift */,
				AB2200000000000000000030 /* SplashScreenView.swift */,
				068BA48B2C1B2113315D033B /* Components */,
				AB3300000000000000000001 /* Coachmark */,
			);
			path = Views;
			sourceTree = "<group>";
		};
		AB3300000000000000000001 /* Coachmark */ = {
			isa = PBXGroup;
			children = (
				AB2200000000000000000010 /* CoachmarkAnchorKey.swift */,
				AB2200000000000000000011 /* CoachmarkStep.swift */,
				AB2200000000000000000012 /* CoachmarkController.swift */,
				AB2200000000000000000013 /* SpotlightShape.swift */,
				AB2200000000000000000014 /* CoachmarkAccessory.swift */,
				AB2200000000000000000015 /* CoachmarkBubble.swift */,
				AB2200000000000000000016 /* CoachmarkOverlay.swift */,
				AB2200000000000000000017 /* CoachmarkDemoData.swift */,
			);
			path = Coachmark;
			sourceTree = "<group>";
		};
		417A38058FF7801ACA4CDF06 /* docs */ = {
			isa = PBXGroup;
			children = (
				36AF2FF5C88242D96FD58F6A /* AI_INTEGRATION.md */,
				BB2E08FEC2ACC49DCC5F38D0 /* ARCHITECTURE.md */,
				E73498C8E756F40E77C0ACB7 /* CONTRIBUTING.md */,
				BBA8358560709A2BCFA86EFD /* DATA_MODEL.md */,
				4AD9493B7D7BA8640E3F0E31 /* ROADMAP.md */,
				B756BEE1E88618059BF3B4BC /* SETUP.md */,
			);
			path = docs;
			sourceTree = "<group>";
		};
		AA5555555555555555555555 /* Fonts */ = {
			isa = PBXGroup;
			children = (
				AA1111111111111111111111 /* InstrumentSerif-Regular.ttf */,
				AA2222222222222222222222 /* InstrumentSerif-Italic.ttf */,
			);
			path = Fonts;
			sourceTree = "<group>";
		};
		4F492F84DDA28536356B8C59 /* Resources */ = {
			isa = PBXGroup;
			children = (
				564CFA5F9EAAEF2FC29273BB /* Assets.xcassets */,
				64731FE5A8ACE599D70943D1 /* PreloadedFoods.json */,
				6BA0BC210EE545E484BC475F /* BLVFoods.json */,
				AA5555555555555555555555 /* Fonts */,
			);
			path = Resources;
			sourceTree = "<group>";
		};
		574DFF1EC8173AC58CF94F70 /* Products */ = {
			isa = PBXGroup;
			children = (
				D3F4D64FF281A1A6324FF0C1 /* Kcal-Kun.app */,
			);
			name = Products;
			sourceTree = "<group>";
		};
		5B1D259A2F7B11D8001030F3 /* Recovered References */ = {
			isa = PBXGroup;
			children = (
			);
			name = "Recovered References";
			sourceTree = "<group>";
		};
		71BBCC43A8E4C46FD9B3A309 /* Models */ = {
			isa = PBXGroup;
			children = (
				595607E4A30ED2BA925C068E /* DiaryEntry.swift */,
				82BF815B21651C3BCA0BF6CE /* MealSlot.swift */,
				80B0FFAF571247E7B4FD4965 /* UserProfile.swift */,
				CA34AC6D29608E2EEC481963 /* Product.swift */,
				94BD64646A6A591F52455AA4 /* ProductSource.swift */,
			);
			path = Models;
			sourceTree = "<group>";
		};
		976BAC4BBF90BBB2BF965E28 /* ViewModels */ = {
			isa = PBXGroup;
			children = (
				5BAB313F2F7ED4120047A624 /* DishScannerViewModel.swift */,
				5B391E882F7D15ED00E92EFB /* MealScannerViewModel.swift */,
				E04721CCE791BD5C060CF338 /* ScannerViewModel.swift */,
				AB2200000000000000000027 /* BarcodeScannerViewModel.swift */,
			);
			path = ViewModels;
			sourceTree = "<group>";
		};
		A99C0B7B749964EE79891364 /* Kcal-Kun */ = {
			isa = PBXGroup;
			children = (
				5B3BA49A2F7C346600C9EA96 /* Kcal-Kun.entitlements */,
				29153459687B1CD24A67832E /* Info.plist */,
				AB2200000000000000000019 /* PrivacyInfo.xcprivacy */,
				6085A7D03A40EE2AE7380F6F /* KcalKunApp.swift */,
				EA6672F87448E0513470FD6F /* MainTabView.swift */,
				AB2200000000000000000001 /* DesignSystem.swift */,
				71BBCC43A8E4C46FD9B3A309 /* Models */,
				4F492F84DDA28536356B8C59 /* Resources */,
				09757D9E7B6A9BC857EA9446 /* Services */,
				976BAC4BBF90BBB2BF965E28 /* ViewModels */,
				4179048ACC8E0CC2D60F3E21 /* Views */,
			);
			path = "Kcal-Kun";
			sourceTree = "<group>";
		};
		F4E4DE53B20BADDEFFFFADD4 = {
			isa = PBXGroup;
			children = (
				64B1F47F05D1CDB3B494A50D /* Secrets.xcconfig.template */,
				417A38058FF7801ACA4CDF06 /* docs */,
				A99C0B7B749964EE79891364 /* Kcal-Kun */,
				574DFF1EC8173AC58CF94F70 /* Products */,
				5B1D259A2F7B11D8001030F3 /* Recovered References */,
				5B3BA49B2F7C51A200C9EA96 /* Kcal-Kun_Icon.icon */,
			);
			sourceTree = "<group>";
		};
/* End PBXGroup section */

/* Begin PBXNativeTarget section */
		78EC038546F311793D7CEC66 /* Kcal-Kun */ = {
			isa = PBXNativeTarget;
			buildConfigurationList = 6B3CA8FDD200EE12A5A4DDDD /* Build configuration list for PBXNativeTarget "Kcal-Kun" */;
			buildPhases = (
				E578A25B0CF2D8B32C8BECA8 /* Sources */,
				665522A6DA18432EFC853251 /* Resources */,
			);
			buildRules = (
			);
			dependencies = (
			);
			name = "Kcal-Kun";
			packageProductDependencies = (
			);
			productName = "Kcal-Kun";
			productReference = D3F4D64FF281A1A6324FF0C1 /* Kcal-Kun.app */;
			productType = "com.apple.product-type.application";
		};
/* End PBXNativeTarget section */

/* Begin PBXProject section */
		F60CF31BBB1EBC443951E0EA /* Project object */ = {
			isa = PBXProject;
			attributes = {
				BuildIndependentTargetsInParallel = YES;
				LastUpgradeCheck = 1600;
				TargetAttributes = {
					78EC038546F311793D7CEC66 = {
						ProvisioningStyle = Automatic;
					};
				};
			};
			buildConfigurationList = 890C122A49FB9E650A6744B9 /* Build configuration list for PBXProject "Kcal-Kun" */;
			developmentRegion = en;
			hasScannedForEncodings = 0;
			knownRegions = (
				Base,
				en,
			);
			mainGroup = F4E4DE53B20BADDEFFFFADD4;
			minimizedProjectReferenceProxies = 1;
			preferredProjectObjectVersion = 77;
			productRefGroup = 574DFF1EC8173AC58CF94F70 /* Products */;
			projectDirPath = "";
			projectRoot = "";
			targets = (
				78EC038546F311793D7CEC66 /* Kcal-Kun */,
			);
		};
/* End PBXProject section */

/* Begin PBXResourcesBuildPhase section */
		665522A6DA18432EFC853251 /* Resources */ = {
			isa = PBXResourcesBuildPhase;
			buildActionMask = 2147483647;
			files = (
				F832D6677C8F7EFC34744C3F /* Assets.xcassets in Resources */,
				FC1BDC657491D8B89330D194 /* PreloadedFoods.json in Resources */,
				5B3BA49C2F7C51A200C9EA96 /* Kcal-Kun_Icon.icon in Resources */,
				B500BCDF23564B05882482C5 /* BLVFoods.json in Resources */,
				AA3333333333333333333333 /* InstrumentSerif-Regular.ttf in Resources */,
				AA4444444444444444444444 /* InstrumentSerif-Italic.ttf in Resources */,
				AB1100000000000000000019 /* PrivacyInfo.xcprivacy in Resources */,
			);
			runOnlyForDeploymentPostprocessing = 0;
		};
/* End PBXResourcesBuildPhase section */

/* Begin PBXSourcesBuildPhase section */
		E578A25B0CF2D8B32C8BECA8 /* Sources */ = {
			isa = PBXSourcesBuildPhase;
			buildActionMask = 2147483647;
			files = (
				78BA43AD31CC435B878E7E73 /* KcalProgressView.swift in Sources */,
				EDBA34CDE6CD6AA72FB81B54 /* AddEntryView.swift in Sources */,
				CCA204949C5F482AA6BE6C82 /* ManualProductEntryView.swift in Sources */,
				A646721F222785D399D38350 /* CameraPickerView.swift in Sources */,
				AB1100000000000000000004 /* ImagePickerWithCrop.swift in Sources */,
				AB1100000000000000000005 /* ProductDetailView.swift in Sources */,
				AB1100000000000000000006 /* BackupModels.swift in Sources */,
				AB1100000000000000000007 /* BackupService.swift in Sources */,
				AB1100000000000000000008 /* BackupExportView.swift in Sources */,
				AB1100000000000000000009 /* BackupRestoreView.swift in Sources */,
				AB1100000000000000000010 /* CoachmarkAnchorKey.swift in Sources */,
				AB1100000000000000000011 /* CoachmarkStep.swift in Sources */,
				AB1100000000000000000012 /* CoachmarkController.swift in Sources */,
				AB1100000000000000000013 /* SpotlightShape.swift in Sources */,
				AB1100000000000000000014 /* CoachmarkAccessory.swift in Sources */,
				AB1100000000000000000015 /* CoachmarkBubble.swift in Sources */,
				AB1100000000000000000016 /* CoachmarkOverlay.swift in Sources */,
				AB1100000000000000000017 /* CoachmarkDemoData.swift in Sources */,
				AB1100000000000000000018 /* AboutAppView.swift in Sources */,
				AB1100000000000000000020 /* APIKeyService.swift in Sources */,
				AB1100000000000000000021 /* APIKeySetupView.swift in Sources */,
				AB1100000000000000000022 /* ProductCleanupService.swift in Sources */,
				AB1100000000000000000023 /* OpenFoodFactsService.swift in Sources */,
				AB1100000000000000000024 /* BarcodeScannerView.swift in Sources */,
				AB1100000000000000000025 /* BarcodeResultView.swift in Sources */,
				AB1100000000000000000026 /* BarcodeNotFoundSheet.swift in Sources */,
				AB1100000000000000000027 /* BarcodeScannerViewModel.swift in Sources */,
				AB1100000000000000000028 /* Logging.swift in Sources */,
				AB1100000000000000000029 /* KcalKunLoadingView.swift in Sources */,
				AB1100000000000000000030 /* SplashScreenView.swift in Sources */,
				7009D487EBA549A3A0411A2A /* HealthKitService.swift in Sources */,
				97D3B417A1EBC9DC860B88E7 /* DataSeeder.swift in Sources */,
				5B391E892F7D15ED00E92EFB /* MealScannerViewModel.swift in Sources */,
				377B5C2A70F5602D660953EF /* DiaryEntry.swift in Sources */,
				36144CBF0DC5FC6BAC73F45E /* DiaryView.swift in Sources */,
				955C59BFDEA8C801C920819F /* GeminiService.swift in Sources */,
				F6A9CB2A74B38F4E94D088F9 /* KcalKunApp.swift in Sources */,
				67FCDE9C10B74B8AB1B37C96 /* ProfileView.swift in Sources */,
				5BAB31422F7ED4280047A624 /* DishScanResultView.swift in Sources */,
				911FF8DADE0E8BD2310F0DC5 /* LibraryView.swift in Sources */,
				8942DF7FECFA3AA8E201E0F9 /* MainTabView.swift in Sources */,
				5B391E8B2F7D161400E92EFB /* MealScanResultView.swift in Sources */,
				5BAB31402F7ED4120047A624 /* DishScannerViewModel.swift in Sources */,
				027B9475748EBB9DE328F069 /* MealSlot.swift in Sources */,
				D029C134FB694E68B52B30EC /* UserProfile.swift in Sources */,
				FBE064D05FADB5933DB36ABA /* Product.swift in Sources */,
				CDBDD8F4D7D12C1778637450 /* ProductSource.swift in Sources */,
				F61AE35088B1D34E48A8C7CC /* ScanConfirmationView.swift in Sources */,
				4737277438E3A15E8E28A487 /* ScannerView.swift in Sources */,
				AED612A427A92D4620AF451F /* ScannerViewModel.swift in Sources */,
				6CA8EDB8C6832A0303462876 /* StatsView.swift in Sources */,
				AB1100000000000000000001 /* DesignSystem.swift in Sources */,
				AB1100000000000000000002 /* MascotView.swift in Sources */,
				AB1100000000000000000003 /* OnboardingView.swift in Sources */,
			);
			runOnlyForDeploymentPostprocessing = 0;
		};
/* End PBXSourcesBuildPhase section */

/* Begin XCBuildConfiguration section */
		2C84850867EB81A3FC3743CB /* Release */ = {
			isa = XCBuildConfiguration;
			buildSettings = {
				ALWAYS_SEARCH_USER_PATHS = NO;
				ASSETCATALOG_COMPILER_APPICON_NAME = AppIcon;
				ASSETCATALOG_COMPILER_GLOBAL_ACCENT_COLOR_NAME = AccentColor;
				DEVELOPMENT_TEAM = J9PFL4M87B;
				ENABLE_PREVIEWS = YES;
				IPHONEOS_DEPLOYMENT_TARGET = 18.0;
				SDKROOT = iphoneos;
				SWIFT_VERSION = 6.0;
			};
			name = Release;
		};
		4535A2E45BD0B54C7F0D3F96 /* Debug */ = {
			isa = XCBuildConfiguration;
			buildSettings = {
				ASSETCATALOG_COMPILER_APPICON_NAME = AppIcon;
				CODE_SIGN_ENTITLEMENTS = "Kcal-Kun/Kcal-Kun.entitlements";
				CODE_SIGN_IDENTITY = "Apple Development";
				CODE_SIGN_STYLE = Automatic;
				CURRENT_PROJECT_VERSION = 1;
				DEVELOPMENT_TEAM = PX6838W68C;
				INFOPLIST_FILE = "Kcal-Kun/Info.plist";
				IPHONEOS_DEPLOYMENT_TARGET = 18.0;
				MARKETING_VERSION = 1.0;
				PRODUCT_BUNDLE_IDENTIFIER = "com.martin.kcal-kun";
				PRODUCT_NAME = "Kcal-Kun";
			};
			name = Debug;
		};
		58D99F822A4580916DC72F95 /* Release */ = {
			isa = XCBuildConfiguration;
			buildSettings = {
				ASSETCATALOG_COMPILER_APPICON_NAME = AppIcon;
				CODE_SIGN_ENTITLEMENTS = "Kcal-Kun/Kcal-Kun.entitlements";
				CODE_SIGN_IDENTITY = "Apple Development";
				CODE_SIGN_STYLE = Automatic;
				CURRENT_PROJECT_VERSION = 1;
				DEVELOPMENT_TEAM = PX6838W68C;
				INFOPLIST_FILE = "Kcal-Kun/Info.plist";
				IPHONEOS_DEPLOYMENT_TARGET = 18.0;
				MARKETING_VERSION = 1.0;
				PRODUCT_BUNDLE_IDENTIFIER = "com.martin.kcal-kun";
				PRODUCT_NAME = "Kcal-Kun";
			};
			name = Release;
		};
		850A62343C78CB0AD15B58FE /* Debug */ = {
			isa = XCBuildConfiguration;
			buildSettings = {
				ALWAYS_SEARCH_USER_PATHS = NO;
				ASSETCATALOG_COMPILER_APPICON_NAME = AppIcon;
				ASSETCATALOG_COMPILER_GLOBAL_ACCENT_COLOR_NAME = AccentColor;
				DEVELOPMENT_TEAM = J9PFL4M87B;
				ENABLE_PREVIEWS = YES;
				IPHONEOS_DEPLOYMENT_TARGET = 18.0;
				SDKROOT = iphoneos;
				SWIFT_VERSION = 6.0;
			};
			name = Debug;
		};
/* End XCBuildConfiguration section */

/* Begin XCConfigurationList section */
		6B3CA8FDD200EE12A5A4DDDD /* Build configuration list for PBXNativeTarget "Kcal-Kun" */ = {
			isa = XCConfigurationList;
			buildConfigurations = (
				4535A2E45BD0B54C7F0D3F96 /* Debug */,
				58D99F822A4580916DC72F95 /* Release */,
			);
			defaultConfigurationIsVisible = 0;
			defaultConfigurationName = Debug;
		};
		890C122A49FB9E650A6744B9 /* Build configuration list for PBXProject "Kcal-Kun" */ = {
			isa = XCConfigurationList;
			buildConfigurations = (
				850A62343C78CB0AD15B58FE /* Debug */,
				2C84850867EB81A3FC3743CB /* Release */,
			);
			defaultConfigurationIsVisible = 0;
			defaultConfigurationName = Debug;
		};
/* End XCConfigurationList section */
	};
	rootObject = F60CF31BBB1EBC443951E0EA /* Project object */;
}
